
Microsoft Visual Studio Solution File, Format Version 12.00
# Visual Studio Version 16
VisualStudioVersion = 16.0.29519.181
MinimumVisualStudioVersion = 10.0.40219.1
Project("{FAE04EC0-301F-11D3-BF4B-00C04F79EFBC}") = "WpfEsercizioFrasi", "WpfEsercizioFrasi\WpfEsercizioFrasi.csproj", "{915B2846-6844-4278-B6B2-60E20FD2CA3E}"
EndProject
Global
	GlobalSection(SolutionConfigurationPlatforms) = preSolution
		Debug|Any CPU = Debug|Any CPU
		Release|Any CPU = Release|Any CPU
	EndGlobalSection
	GlobalSection(ProjectConfigurationPlatforms) = postSolution
		{915B2846-6844-4278-B6B2-60E20FD2CA3E}.Debug|Any CPU.ActiveCfg = Debug|Any CPU
		{915B2846-6844-4278-B6B2-60E20FD2CA3E}.Debug|Any CPU.Build.0 = Debug|Any CPU
		{915B2846-6844-4278-B6B2-60E20FD2CA3E}.Release|Any CPU.ActiveCfg = Release|Any CPU
		{915B2846-6844-4278-B6B2-60E20FD2CA3E}.Release|Any CPU.Build.0 = Release|Any CPU
	EndGlobalSection
	GlobalSection(SolutionProperties) = preSolution
		HideSolutionNode = FALSE
	EndGlobalSection
	GlobalSection(ExtensibilityGlobals) = postSolution
		SolutionGuid = {A947D3E6-D894-45C6-A854-044E9DEB884D}
	EndGlobalSection
EndGlobal
